
Microsoft Visual Studio Solution File, Format Version 12.00
# Visual Studio Version 17
VisualStudioVersion = 17.6.33829.357
MinimumVisualStudioVersion = 10.0.40219.1
Project("{FAE04EC0-301F-11D3-BF4B-00C04F79EFBC}") = "XOR_XNOR", "XOR_XNOR.csproj", "{BC3A5B3B-0A9D-4BA4-984B-381A2D1E633E}"
EndProject
Global
	GlobalSection(SolutionConfigurationPlatforms) = preSolution
		Debug|Any CPU = Debug|Any CPU
		Release|Any CPU = Release|Any CPU
	EndGlobalSection
	GlobalSection(ProjectConfigurationPlatforms) = postSolution
		{BC3A5B3B-0A9D-4BA4-984B-381A2D1E633E}.Debug|Any CPU.ActiveCfg = Debug|Any CPU
		{BC3A5B3B-0A9D-4BA4-984B-381A2D1E633E}.Debug|Any CPU.Build.0 = Debug|Any CPU
		{BC3A5B3B-0A9D-4BA4-984B-381A2D1E633E}.Release|Any CPU.ActiveCfg = Release|Any CPU
		{BC3A5B3B-0A9D-4BA4-984B-381A2D1E633E}.Release|Any CPU.Build.0 = Release|Any CPU
	EndGlobalSection
	GlobalSection(SolutionProperties) = preSolution
		HideSolutionNode = FALSE
	EndGlobalSection
	GlobalSection(ExtensibilityGlobals) = postSolution
		SolutionGuid = {DF6CA4B9-6D75-4277-AE00-CC51DD352C0B}
	EndGlobalSection
EndGlobal
